github.com/BurntSushi/toml v0.3.1/go.mod h1:xHWCNGjB5oqiDr8zfno3MHue2Ht5sIBksp03qcyfWMU=
github.com/cpuguy83/go-md2man/v2 v2.0.0-20190314233015-f79a8a8ca69d h1:U+s90UTSYgptZMwQh2aRr3LuazLJIa+Pg3Kc1ylSYVY=
github.com/cpuguy83/go-md2man/v2 v2.0.0-20190314233015-f79a8a8ca69d/go.mod h1:maD7wRr/U5Z6m/iR4s+kqSMx2CaBsrgA7czyZG/E6dU=
github.com/joho/godotenv v1.4.0 h1:3l4+N6zfMWnkbPEXKng2o2/MR5mSwTrBih4ZEkkz1lg=
github.com/joho/godotenv v1.4.0/go.mod h1:f4LDr5Voq0i2e/R5DDNOoa2zzDfwtkZa6DnEwAbqwq4=
github.com/julienschmidt/httprouter v1.3.0 h1:U0609e9tgbseu3rBINet9P48AI/D3oJs4dN7jwJOQ1U=
github.com/julienschmidt/httprouter v1.3.0/go.mod h1:JR6WtHb+2LUe8TCKY3cZOxFyyO8IZAc4RVcycCCAKdM=
github.com/pesakit/cli v0.0.2 h1:Do5Q4B075qE00Gi13vyBIcIxrni5ZSh3YxDHhdLpUg4=
github.com/pesakit/cli v0.0.2/go.mod h1:UaBlXNnezxiA5AFscu7jZNqd73u8XYgxWUq5D+Y3Z7Y=
github.com/pesakit/pesakit v0.1.2/go.mod h1:t2JH6Zr2oV6q2fScQSRfkXbVoHAP4X8cwQYbTmvIzJc=
github.com/pmezard/go-difflib v1.0.0 h1:4DBwDE0NGyQoBHbLQYPwSUPoCMWR5BEzIk/f1lZbAQM=
github.com/pmezard/go-difflib v1.0.0/go.mod h1:iKH77koFhYxTK1pcRnkKkqfTogsbg7gZNVY4sRDYZ/4=
github.com/russross/blackfriday/v2 v2.0.1 h1:lPqVAte+HuHNfhJ/0LC98ESWRz8afy9tM/0RK8m9o+Q=
github.com/russross/blackfriday/v2 v2.0.1/go.mod h1:+Rmxgy9KzJVeS9/2gXHxylqXiyQDYRxCVz55jmeOWTM=
github.com/shurcooL/sanitized_anchor_name v1.0.0 h1:PdmoCO6wvbs+7yrJyMORt4/BmY5IYyJwS/kOiWx8mHo=
github.com/shurcooL/sanitized_anchor_name v1.0.0/go.mod h1:1NzhyTcUVG4SuEtjjoZeVRXNmyL/1OwPU0+IJeTBvfc=
github.com/techcraftlabs/airtel v0.0.1 h1:SW8mEt6y+Yf3EJ9UvK7iezSANDjlmYPqfVWRSaPbPuo=
github.com/techcraftlabs/airtel v0.0.1/go.mod h1:/Hc7LRL1F8c5DnUX6ktl89eINX+DDZGacdnqH8J2f+0=
github.com/techcraftlabs/base v0.0.2 h1:vaHW69K4n4OBAzzmce73QgOiO2jDqEOQlTVsbJOXDWY=
github.com/techcraftlabs/base v0.0.2/go.mod h1:rOmjUkGfCp2vqa9O57htXSjzMEKxnYEEsrS0Pr/g4p0=
github.com/techcraftlabs/mna v0.3.0 h1:a1tVYLkL3U6rVYofvkwVWH6ptYbTKhefKKSTShog7gc=
github.com/techcraftlabs/mna v0.3.0/go.mod h1:kd+v3kT3b0qefSQXxZtrg9fWJPeClDtgVkdv/f3OMZU=
github.com/techcraftlabs/mpesa v0.0.1 h1:FKzgGheZ0w6yCkKLTLfi3+PBfjnFBV/YbctIWoaAjZo=
github.com/techcraftlabs/mpesa v0.0.1/go.mod h1:cx2i/GytE4jGJnf1l7R1jlNFoU9ic413OcWMKlnHCfI=
github.com/urfave/cli/v2 v2.3.0 h1:qph92Y649prgesehzOrQjdWyxFOp/QVM+6imKHad91M=
github.com/urfave/cli/v2 v2.3.0/go.mod h1:LJmUH05zAU44vOAcrfzZQKsZbVcdbOG8rtL3/XcUArI=
gopkg.in/check.v1 v0.0.0-20161208181325-20d25e280405/go.mod h1:Co6ibVJAznAaIkqp8huTwlJQCZ016jof/cbN4VW5Yz0=
gopkg.in/yaml.v2 v2.2.3/go.mod h1:hI93XBmqTisBFMUTm0b8Fm+jr3Dg1NNxqwp+5A1VGuI=
