github.com/BurntSushi/toml v0.3.1/go.mod h1:xHWCNGjB5oqiDr8zfno3MHue2Ht5sIBksp03qcyfWMU=
github.com/chzyer/logex v1.1.10 h1:Swpa1K6QvQznwJRcfTfQJmTE72DqScAa40E+fbHEXEE=
github.com/chzyer/logex v1.1.10/go.mod h1:+Ywpsq7O8HXn0nuIou7OrIPyXbp3wmkHB+jjWRnGsAI=
github.com/chzyer/readline v0.0.0-20180603132655-2972be24d48e h1:fY5BOSpyZCqRo5OhCuC+XN+r/bBCmeuuJtjz+bCNIf8=
github.com/chzyer/readline v0.0.0-20180603132655-2972be24d48e/go.mod h1:nSuG5e5PlCu98SY8svDHJxuZscDgtXS6KTTbou5AhLI=
github.com/chzyer/test v0.0.0-20180213035817-a1ea475d72b1 h1:q763qf9huN11kDQavWsoZXJNW3xEE4JJyHa5Q25/sd8=
github.com/chzyer/test v0.0.0-20180213035817-a1ea475d72b1/go.mod h1:Q3SI9o4m/ZMnBNeIyt5eFwwo7qiLfzFZmjNmxjkiQlU=
github.com/cpuguy83/go-md2man/v2 v2.0.0-20190314233015-f79a8a8ca69d h1:U+s90UTSYgptZMwQh2aRr3LuazLJIa+Pg3Kc1ylSYVY=
github.com/cpuguy83/go-md2man/v2 v2.0.0-20190314233015-f79a8a8ca69d/go.mod h1:maD7wRr/U5Z6m/iR4s+kqSMx2CaBsrgA7czyZG/E6dU=
github.com/go-yaml/yaml v2.1.0+incompatible h1:RYi2hDdss1u4YE7GwixGzWwVo47T8UQwnTLB6vQiq+o=
github.com/go-yaml/yaml v2.1.0+incompatible/go.mod h1:w2MrLa16VYP0jy6N7M5kHaCkaLENm+P+Tv+MfurjSw0=
github.com/joho/godotenv v1.4.0 h1:3l4+N6zfMWnkbPEXKng2o2/MR5mSwTrBih4ZEkkz1lg=
github.com/joho/godotenv v1.4.0/go.mod h1:f4LDr5Voq0i2e/R5DDNOoa2zzDfwtkZa6DnEwAbqwq4=
github.com/julienschmidt/httprouter v1.3.0 h1:U0609e9tgbseu3rBINet9P48AI/D3oJs4dN7jwJOQ1U=
github.com/julienschmidt/httprouter v1.3.0/go.mod h1:JR6WtHb+2LUe8TCKY3cZOxFyyO8IZAc4RVcycCCAKdM=
github.com/manifoldco/promptui v0.9.0 h1:3V4HzJk1TtXW1MTZMP7mdlwbBpIinw3HztaIlYthEiA=
github.com/manifoldco/promptui v0.9.0/go.mod h1:ka04sppxSGFAtxX0qhlYQjISsg9mR4GWtQEhdbn6Pgg=
github.com/pesakit/cli v0.0.2 h1:Do5Q4B075qE00Gi13vyBIcIxrni5ZSh3YxDHhdLpUg4=
github.com/pesakit/cli v0.0.2/go.mod h1:UaBlXNnezxiA5AFscu7jZNqd73u8XYgxWUq5D+Y3Z7Y=
github.com/pesakit/pesakit v0.1.2/go.mod h1:t2JH6Zr2oV6q2fScQSRfkXbVoHAP4X8cwQYbTmvIzJc=
github.com/pmezard/go-difflib v1.0.0 h1:4DBwDE0NGyQoBHbLQYPwSUPoCMWR5BEzIk/f1lZbAQM=
github.com/pmezard/go-difflib v1.0.0/go.mod h1:iKH77koFhYxTK1pcRnkKkqfTogsbg7gZNVY4sRDYZ/4=
github.com/russross/blackfriday/v2 v2.0.1 h1:lPqVAte+HuHNfhJ/0LC98ESWRz8afy9tM/0RK8m9o+Q=
github.com/russross/blackfriday/v2 v2.0.1/go.mod h1:+Rmxgy9KzJVeS9/2gXHxylqXiyQDYRxCVz55jmeOWTM=
github.com/shurcooL/sanitized_anchor_name v1.0.0 h1:PdmoCO6wvbs+7yrJyMORt4/BmY5IYyJwS/kOiWx8mHo=
github.com/shurcooL/sanitized_anchor_name v1.0.0/go.mod h1:1NzhyTcUVG4SuEtjjoZeVRXNmyL/1OwPU0+IJeTBvfc=
github.com/techcraftlabs/airtel v0.0.4 h1:Q2yt0Qi20DLH59QvI2o0alJzskx13v3vC3vzOHT8rUw=
github.com/techcraftlabs/airtel v0.0.4/go.mod h1:LpSUOcZ5U+JW5YxeTa3KZPzetM4vgRGcYoyMmGmk8Xc=
github.com/techcraftlabs/base v0.0.2/go.mod h1:rOmjUkGfCp2vqa9O57htXSjzMEKxnYEEsrS0Pr/g4p0=
github.com/techcraftlabs/base v0.0.3 h1:J408Lr8018INgsWLN/auDmbc3S+XaSNby3QNYVNAXVg=
github.com/techcraftlabs/base v0.0.3/go.mod h1:rOmjUkGfCp2vqa9O57htXSjzMEKxnYEEsrS0Pr/g4p0=
github.com/techcraftlabs/mna v0.3.0/go.mod h1:kd+v3kT3b0qefSQXxZtrg9fWJPeClDtgVkdv/f3OMZU=
github.com/techcraftlabs/mna v0.3.1 h1:hiTfUXTVYsHFqcjyQLoRGD4IdxTl8ywUWJuXaaBuM+c=
github.com/techcraftlabs/mna v0.3.1/go.mod h1:kd+v3kT3b0qefSQXxZtrg9fWJPeClDtgVkdv/f3OMZU=
github.com/techcraftlabs/mpesa v0.0.3 h1:sBrXU+nUvbzv5iMXmBZcEyaYdqj5qWiQM7/BciC8fWI=
github.com/techcraftlabs/mpesa v0.0.3/go.mod h1:DW3UI34BEU2K+5rg9dt0vhG0UJTJqDg3/qoDkkXUBfI=
github.com/techcraftlabs/tigopesa v0.0.91 h1:xn5l0yZgZeob5Jdgbyy0WLC0bAw1LF58XV2+rBtbg7o=
github.com/techcraftlabs/tigopesa v0.0.91/go.mod h1:NhHlZwctUI7QFCMKjofeW3UsLQ3DcnHcFEMvNeSp/cg=
github.com/urfave/cli/v2 v2.3.0 h1:qph92Y649prgesehzOrQjdWyxFOp/QVM+6imKHad91M=
github.com/urfave/cli/v2 v2.3.0/go.mod h1:LJmUH05zAU44vOAcrfzZQKsZbVcdbOG8rtL3/XcUArI=
golang.org/x/sys v0.0.0-20181122145206-62eef0e2fa9b h1:MQE+LT/ABUuuvEZ+YQAMSXindAdUh7slEmAkup74op4=
golang.org/x/sys v0.0.0-20181122145206-62eef0e2fa9b/go.mod h1:STP8DvDyc/dI5b8T5hshtkjS+E42TnysNCUPdjciGhY=
gopkg.in/check.v1 v0.0.0-20161208181325-20d25e280405 h1:yhCVgyC4o1eVCa2tZl7eS0r+SDo693bJlVdllGtEeKM=
gopkg.in/check.v1 v0.0.0-20161208181325-20d25e280405/go.mod h1:Co6ibVJAznAaIkqp8huTwlJQCZ016jof/cbN4VW5Yz0=
gopkg.in/yaml.v2 v2.2.3 h1:fvjTMHxHEw/mxHbtzPi3JCcKXQRAnQTBRo6YCJSVHKI=
gopkg.in/yaml.v2 v2.2.3/go.mod h1:hI93XBmqTisBFMUTm0b8Fm+jr3Dg1NNxqwp+5A1VGuI=
